
Microsoft Visual Studio Solution File, Format Version 12.00
# Visual Studio Version 17
VisualStudioVersion = 17.5.33516.290
MinimumVisualStudioVersion = 10.0.40219.1
Project("{FAE04EC0-301F-11D3-BF4B-00C04F79EFBC}") = "VinylShop", "VinylShop.csproj", "{72222EE8-80FF-41E6-A06C-7FFA538DE857}"
EndProject
Global
	GlobalSection(SolutionConfigurationPlatforms) = preSolution
		Debug|Any CPU = Debug|Any CPU
		Release|Any CPU = Release|Any CPU
	EndGlobalSection
	GlobalSection(ProjectConfigurationPlatforms) = postSolution
		{72222EE8-80FF-41E6-A06C-7FFA538DE857}.Debug|Any CPU.ActiveCfg = Debug|Any CPU
		{72222EE8-80FF-41E6-A06C-7FFA538DE857}.Debug|Any CPU.Build.0 = Debug|Any CPU
		{72222EE8-80FF-41E6-A06C-7FFA538DE857}.Release|Any CPU.ActiveCfg = Release|Any CPU
		{72222EE8-80FF-41E6-A06C-7FFA538DE857}.Release|Any CPU.Build.0 = Release|Any CPU
	EndGlobalSection
	GlobalSection(SolutionProperties) = preSolution
		HideSolutionNode = FALSE
	EndGlobalSection
	GlobalSection(ExtensibilityGlobals) = postSolution
		SolutionGuid = {F8168FB1-7453-406E-B74B-4788ED5AFB55}
	EndGlobalSection
EndGlobal
